// !$*UTF8*$!
{
	archiveVersion = 1;
	classes = {
	};
	objectVersion = 46;
	objects = {

/* Begin PBXBuildFile section */
		6003F58E195388D20070C39A /* Foundation.framework in Frameworks */ = {isa = PBXBuildFile; fileRef = 6003F58D195388D20070C39A /* Foundation.framework */; };
		6003F590195388D20070C39A /* CoreGraphics.framework in Frameworks */ = {isa = PBXBuildFile; fileRef = 6003F58F195388D20070C39A /* CoreGraphics.framework */; };
		6003F592195388D20070C39A /* UIKit.framework in Frameworks */ = {isa = PBXBuildFile; fileRef = 6003F591195388D20070C39A /* UIKit.framework */; };
		6003F598195388D20070C39A /* InfoPlist.strings in Resources */ = {isa = PBXBuildFile; fileRef = 6003F596195388D20070C39A /* InfoPlist.strings */; };
		6003F59A195388D20070C39A /* main.m in Sources */ = {isa = PBXBuildFile; fileRef = 6003F599195388D20070C39A /* main.m */; };
		6003F59E195388D20070C39A /* LJAppDelegate.m in Sources */ = {isa = PBXBuildFile; fileRef = 6003F59D195388D20070C39A /* LJAppDelegate.m */; };
		6003F5A9195388D20070C39A /* Images.xcassets in Resources */ = {isa = PBXBuildFile; fileRef = 6003F5A8195388D20070C39A /* Images.xcassets */; };
		B387CEE43C844F375B028252 /* libPods-LJRouter_Example.a in Frameworks */ = {isa = PBXBuildFile; fileRef = 9FAED3C9B9BD59DD5721A678 /* libPods-LJRouter_Example.a */; };
		B7941DA91FB5B8D0005B82AA /* LJRouterExportDevDocument.m in Sources */ = {isa = PBXBuildFile; fileRef = B7941DA71FB5B878005B82AA /* LJRouterExportDevDocument.m */; };
		B7941DD71FBC41E4005B82AA /* LJHomeTabBarController.m in Sources */ = {isa = PBXBuildFile; fileRef = B7941DCE1FBC37F4005B82AA /* LJHomeTabBarController.m */; };
		B7941DD81FBC41ED005B82AA /* LJHomeViewController.m in Sources */ = {isa = PBXBuildFile; fileRef = B7941DCF1FBC37F4005B82AA /* LJHomeViewController.m */; };
		B7941DD91FBC41F0005B82AA /* LJLoginViewController.m in Sources */ = {isa = PBXBuildFile; fileRef = B7941DD61FBC37F4005B82AA /* LJLoginViewController.m */; };
		B7941DDA1FBC41F4005B82AA /* LJMyProfileViewController.m in Sources */ = {isa = PBXBuildFile; fileRef = B7941DD31FBC37F4005B82AA /* LJMyProfileViewController.m */; };
		B7941DDB1FBC41F6005B82AA /* LJSettingViewController.m in Sources */ = {isa = PBXBuildFile; fileRef = B7941DD41FBC37F4005B82AA /* LJSettingViewController.m */; };
		B7941DDC1FBC41F9005B82AA /* LJWebViewController.m in Sources */ = {isa = PBXBuildFile; fileRef = B7941DD11FBC37F4005B82AA /* LJWebViewController.m */; };
		B7C0927D1FF105EE00B17B60 /* LJRouterExportModule.m in Sources */ = {isa = PBXBuildFile; fileRef = B7C0927C1FF105EE00B17B60 /* LJRouterExportModule.m */; };
/* End PBXBuildFile section */

/* Begin PBXCopyFilesBuildPhase section */
		B7536A0F1FAC351D0035EC7A /* CopyFiles */ = {
			isa = PBXCopyFilesBuildPhase;
			buildActionMask = 2147483647;
			dstPath = /usr/share/man/man1/;
			dstSubfolderSpec = 0;
			files = (
			);
			runOnlyForDeploymentPostprocessing = 1;
		};
/* End PBXCopyFilesBuildPhase section */

/* Begin PBXFileReference section */
		0CD57D7AB2F8473E41B261D8 /* LICENSE */ = {isa = PBXFileReference; includeInIndex = 1; lastKnownFileType = text; name = LICENSE; path = ../LICENSE; sourceTree = "<group>"; };
		4CC3E8A751E804869565A8FD /* Pods_LJRouter_Tests.framework */ = {isa = PBXFileReference; explicitFileType = wrapper.framework; includeInIndex = 0; path = Pods_LJRouter_Tests.framework; sourceTree = BUILT_PRODUCTS_DIR; };
		6003F58A195388D20070C39A /* LJRouter_Example.app */ = {isa = PBXFileReference; explicitFileType = wrapper.application; includeInIndex = 0; path = LJRouter_Example.app; sourceTree = BUILT_PRODUCTS_DIR; };
		6003F58D195388D20070C39A /* Foundation.framework */ = {isa = PBXFileReference; lastKnownFileType = wrapper.framework; name = Foundation.framework; path = System/Library/Frameworks/Foundation.framework; sourceTree = SDKROOT; };
		6003F58F195388D20070C39A /* CoreGraphics.framework */ = {isa = PBXFileReference; lastKnownFileType = wrapper.framework; name = CoreGraphics.framework; path = System/Library/Frameworks/CoreGraphics.framework; sourceTree = SDKROOT; };
		6003F591195388D20070C39A /* UIKit.framework */ = {isa = PBXFileReference; lastKnownFileType = wrapper.framework; name = UIKit.framework; path = System/Library/Frameworks/UIKit.framework; sourceTree = SDKROOT; };
		6003F595195388D20070C39A /* LJRouter-Info.plist */ = {isa = PBXFileReference; lastKnownFileType = text.plist.xml; path = "LJRouter-Info.plist"; sourceTree = "<group>"; };
		6003F597195388D20070C39A /* en */ = {isa = PBXFileReference; lastKnownFileType = text.plist.strings; name = en; path = en.lproj/InfoPlist.strings; sourceTree = "<group>"; };
		6003F599195388D20070C39A /* main.m */ = {isa = PBXFileReference; lastKnownFileType = sourcecode.c.objc; path = main.m; sourceTree = "<group>"; };
		6003F59B195388D20070C39A /* LJRouter-Prefix.pch */ = {isa = PBXFileReference; lastKnownFileType = sourcecode.c.h; path = "LJRouter-Prefix.pch"; sourceTree = "<group>"; };
		6003F59C195388D20070C39A /* LJAppDelegate.h */ = {isa = PBXFileReference; lastKnownFileType = sourcecode.c.h; path = LJAppDelegate.h; sourceTree = "<group>"; };
		6003F59D195388D20070C39A /* LJAppDelegate.m */ = {isa = PBXFileReference; lastKnownFileType = sourcecode.c.objc; path = LJAppDelegate.m; sourceTree = "<group>"; };
		6003F5A8195388D20070C39A /* Images.xcassets */ = {isa = PBXFileReference; lastKnownFileType = folder.assetcatalog; path = Images.xcassets; sourceTree = "<group>"; };
		6003F5AF195388D20070C39A /* XCTest.framework */ = {isa = PBXFileReference; lastKnownFileType = wrapper.framework; name = XCTest.framework; path = Library/Frameworks/XCTest.framework; sourceTree = DEVELOPER_DIR; };
		6FE1B1A17AF4C6EF3D45D374 /* libPods-LJRouterExportModule.a */ = {isa = PBXFileReference; explicitFileType = archive.ar; includeInIndex = 0; path = "libPods-LJRouterExportModule.a"; sourceTree = BUILT_PRODUCTS_DIR; };
		83A0E72CC5820C4726790C64 /* Pods-LJRouter_Example.debug.xcconfig */ = {isa = PBXFileReference; includeInIndex = 1; lastKnownFileType = text.xcconfig; name = "Pods-LJRouter_Example.debug.xcconfig"; path = "Pods/Target Support Files/Pods-LJRouter_Example/Pods-LJRouter_Example.debug.xcconfig"; sourceTree = "<group>"; };
		9FAED3C9B9BD59DD5721A678 /* libPods-LJRouter_Example.a */ = {isa = PBXFileReference; explicitFileType = archive.ar; includeInIndex = 0; path = "libPods-LJRouter_Example.a"; sourceTree = BUILT_PRODUCTS_DIR; };
		ACF45648F8A2CCB1D64B0D96 /* LJRouter.podspec */ = {isa = PBXFileReference; includeInIndex = 1; lastKnownFileType = text; name = LJRouter.podspec; path = ../LJRouter.podspec; sourceTree = "<group>"; xcLanguageSpecificationIdentifier = xcode.lang.ruby; };
		B706ACFA1FB2EE4100657D41 /* libLJNavigation.a */ = {isa = PBXFileReference; explicitFileType = archive.ar; path = libLJNavigation.a; sourceTree = BUILT_PRODUCTS_DIR; };
		B7536A111FAC351D0035EC7A /* LJRouterExportModule */ = {isa = PBXFileReference; explicitFileType = "compiled.mach-o.executable"; includeInIndex = 0; path = LJRouterExportModule; sourceTree = BUILT_PRODUCTS_DIR; };
		B7941DA71FB5B878005B82AA /* LJRouterExportDevDocument.m */ = {isa = PBXFileReference; lastKnownFileType = sourcecode.c.objc; name = LJRouterExportDevDocument.m; path = ../../LJRouter/ExportDocument/LJRouterExportDevDocument.m; sourceTree = "<group>"; };
		B7941DCE1FBC37F4005B82AA /* LJHomeTabBarController.m */ = {isa = PBXFileReference; lastKnownFileType = sourcecode.c.objc; path = LJHomeTabBarController.m; sourceTree = "<group>"; };
		B7941DCF1FBC37F4005B82AA /* LJHomeViewController.m */ = {isa = PBXFileReference; lastKnownFileType = sourcecode.c.objc; path = LJHomeViewController.m; sourceTree = "<group>"; };
		B7941DD11FBC37F4005B82AA /* LJWebViewController.m */ = {isa = PBXFileReference; lastKnownFileType = sourcecode.c.objc; path = LJWebViewController.m; sourceTree = "<group>"; };
		B7941DD31FBC37F4005B82AA /* LJMyProfileViewController.m */ = {isa = PBXFileReference; lastKnownFileType = sourcecode.c.objc; path = LJMyProfileViewController.m; sourceTree = "<group>"; };
		B7941DD41FBC37F4005B82AA /* LJSettingViewController.m */ = {isa = PBXFileReference; lastKnownFileType = sourcecode.c.objc; path = LJSettingViewController.m; sourceTree = "<group>"; };
		B7941DD61FBC37F4005B82AA /* LJLoginViewController.m */ = {isa = PBXFileReference; lastKnownFileType = sourcecode.c.objc; path = LJLoginViewController.m; sourceTree = "<group>"; };
		B7941DDE1FBC42EB005B82AA /* Base */ = {isa = PBXFileReference; lastKnownFileType = file.storyboard; name = Base; path = Base.lproj/LaunchScreen.storyboard; sourceTree = "<group>"; };
		B7941DDF1FBC4362005B82AA /* Images.xcassets */ = {isa = PBXFileReference; lastKnownFileType = folder.assetcatalog; path = Images.xcassets; sourceTree = "<group>"; };
		B7C0927C1FF105EE00B17B60 /* LJRouterExportModule.m */ = {isa = PBXFileReference; lastKnownFileType = sourcecode.c.objc; name = LJRouterExportModule.m; path = ../LJRouter/ExportTool/LJRouterExportModule.m; sourceTree = "<group>"; };
		B7DDCD731F0CD5B80091AF39 /* outputHeaders */ = {isa = PBXFileReference; lastKnownFileType = folder; path = outputHeaders; sourceTree = SOURCE_ROOT; };
		BB7AB0D2F813A6E3E043D436 /* README.md */ = {isa = PBXFileReference; includeInIndex = 1; lastKnownFileType = net.daringfireball.markdown; name = README.md; path = ../README.md; sourceTree = "<group>"; };
		DD0AD95FDE2C31FF259EAE7D /* Pods-LJRouter_Example.release.xcconfig */ = {isa = PBXFileReference; includeInIndex = 1; lastKnownFileType = text.xcconfig; name = "Pods-LJRouter_Example.release.xcconfig"; path = "Pods/Target Support Files/Pods-LJRouter_Example/Pods-LJRouter_Example.release.xcconfig"; sourceTree = "<group>"; };
/* End PBXFileReference section */

/* Begin PBXFrameworksBuildPhase section */
		6003F587195388D20070C39A /* Frameworks */ = {
			isa = PBXFrameworksBuildPhase;
			buildActionMask = 2147483647;
			files = (
				6003F590195388D20070C39A /* CoreGraphics.framework in Frameworks */,
				6003F592195388D20070C39A /* UIKit.framework in Frameworks */,
				6003F58E195388D20070C39A /* Foundation.framework in Frameworks */,
				B387CEE43C844F375B028252 /* libPods-LJRouter_Example.a in Frameworks */,
			);
			runOnlyForDeploymentPostprocessing = 0;
		};
		B7536A0E1FAC351D0035EC7A /* Frameworks */ = {
			isa = PBXFrameworksBuildPhase;
			buildActionMask = 2147483647;
			files = (
			);
			runOnlyForDeploymentPostprocessing = 0;
		};
/* End PBXFrameworksBuildPhase section */

/* Begin PBXGroup section */
		6003F581195388D10070C39A = {
			isa = PBXGroup;
			children = (
				B7C0927C1FF105EE00B17B60 /* LJRouterExportModule.m */,
				60FF7A9C1954A5C5007DD14C /* Podspec Metadata */,
				6003F593195388D20070C39A /* Example for LJRouter */,
				6003F58C195388D20070C39A /* Frameworks */,
				6003F58B195388D20070C39A /* Products */,
				EA7902178E2C695145551AAC /* Pods */,
			);
			sourceTree = "<group>";
		};
		6003F58B195388D20070C39A /* Products */ = {
			isa = PBXGroup;
			children = (
				6003F58A195388D20070C39A /* LJRouter_Example.app */,
				B7536A111FAC351D0035EC7A /* LJRouterExportModule */,
			);
			name = Products;
			sourceTree = "<group>";
		};
		6003F58C195388D20070C39A /* Frameworks */ = {
			isa = PBXGroup;
			children = (
				B706ACFA1FB2EE4100657D41 /* libLJNavigation.a */,
				6003F58D195388D20070C39A /* Foundation.framework */,
				6003F58F195388D20070C39A /* CoreGraphics.framework */,
				6003F591195388D20070C39A /* UIKit.framework */,
				6003F5AF195388D20070C39A /* XCTest.framework */,
				4CC3E8A751E804869565A8FD /* Pods_LJRouter_Tests.framework */,
				9FAED3C9B9BD59DD5721A678 /* libPods-LJRouter_Example.a */,
				6FE1B1A17AF4C6EF3D45D374 /* libPods-LJRouterExportModule.a */,
			);
			name = Frameworks;
			sourceTree = "<group>";
		};
		6003F593195388D20070C39A /* Example for LJRouter */ = {
			isa = PBXGroup;
			children = (
				B7DDCD731F0CD5B80091AF39 /* outputHeaders */,
				B7941DA71FB5B878005B82AA /* LJRouterExportDevDocument.m */,
				B7941DCD1FBC37F4005B82AA /* LJHomeComponent */,
				B7941DD51FBC37F4005B82AA /* LJLoginComponent */,
				B7941DD21FBC37F4005B82AA /* LJPersonalComponent */,
				B7941DD01FBC37F4005B82AA /* LJWebviewComponent */,
				6003F59C195388D20070C39A /* LJAppDelegate.h */,
				6003F59D195388D20070C39A /* LJAppDelegate.m */,
				B7941DDF1FBC4362005B82AA /* Images.xcassets */,
				6003F594195388D20070C39A /* Supporting Files */,
			);
			name = "Example for LJRouter";
			path = LJRouter;
			sourceTree = "<group>";
		};
		6003F594195388D20070C39A /* Supporting Files */ = {
			isa = PBXGroup;
			children = (
				6003F5A8195388D20070C39A /* Images.xcassets */,
				B7941DDD1FBC42EB005B82AA /* LaunchScreen.storyboard */,
				6003F595195388D20070C39A /* LJRouter-Info.plist */,
				6003F596195388D20070C39A /* InfoPlist.strings */,
				6003F599195388D20070C39A /* main.m */,
				6003F59B195388D20070C39A /* LJRouter-Prefix.pch */,
			);
			name = "Supporting Files";
			sourceTree = "<group>";
		};
		60FF7A9C1954A5C5007DD14C /* Podspec Metadata */ = {
			isa = PBXGroup;
			children = (
				ACF45648F8A2CCB1D64B0D96 /* LJRouter.podspec */,
				BB7AB0D2F813A6E3E043D436 /* README.md */,
				0CD57D7AB2F8473E41B261D8 /* LICENSE */,
			);
			name = "Podspec Metadata";
			sourceTree = "<group>";
		};
		B7941DCD1FBC37F4005B82AA /* LJHomeComponent */ = {
			isa = PBXGroup;
			children = (
				B7941DCE1FBC37F4005B82AA /* LJHomeTabBarController.m */,
				B7941DCF1FBC37F4005B82AA /* LJHomeViewController.m */,
			);
			path = LJHomeComponent;
			sourceTree = "<group>";
		};
		B7941DD01FBC37F4005B82AA /* LJWebviewComponent */ = {
			isa = PBXGroup;
			children = (
				B7941DD11FBC37F4005B82AA /* LJWebViewController.m */,
			);
			path = LJWebviewComponent;
			sourceTree = "<group>";
		};
		B7941DD21FBC37F4005B82AA /* LJPersonalComponent */ = {
			isa = PBXGroup;
			children = (
				B7941DD31FBC37F4005B82AA /* LJMyProfileViewController.m */,
				B7941DD41FBC37F4005B82AA /* LJSettingViewController.m */,
			);
			path = LJPersonalComponent;
			sourceTree = "<group>";
		};
		B7941DD51FBC37F4005B82AA /* LJLoginComponent */ = {
			isa = PBXGroup;
			children = (
				B7941DD61FBC37F4005B82AA /* LJLoginViewController.m */,
			);
			path = LJLoginComponent;
			sourceTree = "<group>";
		};
		EA7902178E2C695145551AAC /* Pods */ = {
			isa = PBXGroup;
			children = (
				83A0E72CC5820C4726790C64 /* Pods-LJRouter_Example.debug.xcconfig */,
				DD0AD95FDE2C31FF259EAE7D /* Pods-LJRouter_Example.release.xcconfig */,
			);
			name = Pods;
			sourceTree = "<group>";
		};
/* End PBXGroup section */

/* Begin PBXNativeTarget section */
		6003F589195388D20070C39A /* LJRouter_Example */ = {
			isa = PBXNativeTarget;
			buildConfigurationList = 6003F5BF195388D20070C39A /* Build configuration list for PBXNativeTarget "LJRouter_Example" */;
			buildPhases = (
				0475C57AF08D80BAC43D9D38 /* [CP] Check Pods Manifest.lock */,
				6003F586195388D20070C39A /* Sources */,
				6003F587195388D20070C39A /* Frameworks */,
				6003F588195388D20070C39A /* Resources */,
				8C9D2366386EF1EFA8D73384 /* [CP] Embed Pods Frameworks */,
				55CDAC6D85E269EE0F7DC4E8 /* [CP] Copy Pods Resources */,
				B7DDCD561F0CC82A0091AF39 /* ShellScript */,
			);
			buildRules = (
			);
			dependencies = (
			);
			name = LJRouter_Example;
			productName = LJRouter;
			productReference = 6003F58A195388D20070C39A /* LJRouter_Example.app */;
			productType = "com.apple.product-type.application";
		};
		B7536A101FAC351D0035EC7A /* LJRouterExportModule */ = {
			isa = PBXNativeTarget;
			buildConfigurationList = B7536A171FAC351D0035EC7A /* Build configuration list for PBXNativeTarget "LJRouterExportModule" */;
			buildPhases = (
				B7536A0D1FAC351D0035EC7A /* Sources */,
				B7536A0E1FAC351D0035EC7A /* Frameworks */,
				B7536A0F1FAC351D0035EC7A /* CopyFiles */,
			);
			buildRules = (
			);
			dependencies = (
			);
			name = LJRouterExportModule;
			productName = LJRouterExportModule;
			productReference = B7536A111FAC351D0035EC7A /* LJRouterExportModule */;
			productType = "com.apple.product-type.tool";
		};
/* End PBXNativeTarget section */

/* Begin PBXProject section */
		6003F582195388D10070C39A /* Project object */ = {
			isa = PBXProject;
			attributes = {
				CLASSPREFIX = LJ;
				LastUpgradeCheck = 0900;
				ORGANIZATIONNAME = aiqiuqiu;
				TargetAttributes = {
					B7536A101FAC351D0035EC7A = {
						CreatedOnToolsVersion = 9.0;
						ProvisioningStyle = Automatic;
					};
				};
			};
			buildConfigurationList = 6003F585195388D10070C39A /* Build configuration list for PBXProject "LJRouter" */;
			compatibilityVersion = "Xcode 3.2";
			developmentRegion = English;
			hasScannedForEncodings = 0;
			knownRegions = (
				en,
				Base,
			);
			mainGroup = 6003F581195388D10070C39A;
			productRefGroup = 6003F58B195388D20070C39A /* Products */;
			projectDirPath = "";
			projectRoot = "";
			targets = (
				6003F589195388D20070C39A /* LJRouter_Example */,
				B7536A101FAC351D0035EC7A /* LJRouterExportModule */,
			);
		};
/* End PBXProject section */

/* Begin PBXResourcesBuildPhase section */
		6003F588195388D20070C39A /* Resources */ = {
			isa = PBXResourcesBuildPhase;
			buildActionMask = 2147483647;
			files = (
				6003F5A9195388D20070C39A /* Images.xcassets in Resources */,
				6003F598195388D20070C39A /* InfoPlist.strings in Resources */,
			);
			runOnlyForDeploymentPostprocessing = 0;
		};
/* End PBXResourcesBuildPhase section */

/* Begin PBXShellScriptBuildPhase section */
		0475C57AF08D80BAC43D9D38 /* [CP] Check Pods Manifest.lock */ = {
			isa = PBXShellScriptBuildPhase;
			buildActionMask = 2147483647;
			files = (
			);
			inputPaths = (
				"${PODS_PODFILE_DIR_PATH}/Podfile.lock",
				"${PODS_ROOT}/Manifest.lock",
			);
			name = "[CP] Check Pods Manifest.lock";
			outputPaths = (
				"$(DERIVED_FILE_DIR)/Pods-LJRouter_Example-checkManifestLockResult.txt",
			);
			runOnlyForDeploymentPostprocessing = 0;
			shellPath = /bin/sh;
			shellScript = "diff \"${PODS_PODFILE_DIR_PATH}/Podfile.lock\" \"${PODS_ROOT}/Manifest.lock\" > /dev/null\nif [ $? != 0 ] ; then\n    # print error to STDERR\n    echo \"error: The sandbox is not in sync with the Podfile.lock. Run 'pod install' or update your CocoaPods installation.\" >&2\n    exit 1\nfi\n# This output is used by Xcode 'outputs' to avoid re-running this script phase.\necho \"SUCCESS\" > \"${SCRIPT_OUTPUT_FILE_0}\"\n";
			showEnvVarsInLog = 0;
		};
		55CDAC6D85E269EE0F7DC4E8 /* [CP] Copy Pods Resources */ = {
			isa = PBXShellScriptBuildPhase;
			buildActionMask = 2147483647;
			files = (
			);
			inputPaths = (
			);
			name = "[CP] Copy Pods Resources";
			outputPaths = (
			);
			runOnlyForDeploymentPostprocessing = 0;
			shellPath = /bin/sh;
			shellScript = "\"${SRCROOT}/Pods/Target Support Files/Pods-LJRouter_Example/Pods-LJRouter_Example-resources.sh\"\n";
			showEnvVarsInLog = 0;
		};
		8C9D2366386EF1EFA8D73384 /* [CP] Embed Pods Frameworks */ = {
			isa = PBXShellScriptBuildPhase;
			buildActionMask = 2147483647;
			files = (
			);
			inputPaths = (
			);
			name = "[CP] Embed Pods Frameworks";
			outputPaths = (
			);
			runOnlyForDeploymentPostprocessing = 0;
			shellPath = /bin/sh;
			shellScript = "\"${SRCROOT}/Pods/Target Support Files/Pods-LJRouter_Example/Pods-LJRouter_Example-frameworks.sh\"\n";
			showEnvVarsInLog = 0;
		};
		B7DDCD561F0CC82A0091AF39 /* ShellScript */ = {
			isa = PBXShellScriptBuildPhase;
			buildActionMask = 2147483647;
			files = (
			);
			inputPaths = (
			);
			outputPaths = (
			);
			runOnlyForDeploymentPostprocessing = 0;
			shellPath = /bin/sh;
			shellScript = "cd ${TARGET_BUILD_DIR}/../Debug\n./LJRouterExportModule outputHeaders";
		};
/* End PBXShellScriptBuildPhase section */

/* Begin PBXSourcesBuildPhase section */
		6003F586195388D20070C39A /* Sources */ = {
			isa = PBXSourcesBuildPhase;
			buildActionMask = 2147483647;
			files = (
				B7941DD71FBC41E4005B82AA /* LJHomeTabBarController.m in Sources */,
				6003F59E195388D20070C39A /* LJAppDelegate.m in Sources */,
				6003F59A195388D20070C39A /* main.m in Sources */,
				B7941DDC1FBC41F9005B82AA /* LJWebViewController.m in Sources */,
				B7941DD81FBC41ED005B82AA /* LJHomeViewController.m in Sources */,
				B7941DDB1FBC41F6005B82AA /* LJSettingViewController.m in Sources */,
				B7941DDA1FBC41F4005B82AA /* LJMyProfileViewController.m in Sources */,
				B7941DD91FBC41F0005B82AA /* LJLoginViewController.m in Sources */,
			);
			runOnlyForDeploymentPostprocessing = 0;
		};
		B7536A0D1FAC351D0035EC7A /* Sources */ = {
			isa = PBXSourcesBuildPhase;
			buildActionMask = 2147483647;
			files = (
				B7941DA91FB5B8D0005B82AA /* LJRouterExportDevDocument.m in Sources */,
				B7C0927D1FF105EE00B17B60 /* LJRouterExportModule.m in Sources */,
			);
			runOnlyForDeploymentPostprocessing = 0;
		};
/* End PBXSourcesBuildPhase section */

/* Begin PBXVariantGroup section */
		6003F596195388D20070C39A /* InfoPlist.strings */ = {
			isa = PBXVariantGroup;
			children = (
				6003F597195388D20070C39A /* en */,
			);
			name = InfoPlist.strings;
			sourceTree = "<group>";
		};
		B7941DDD1FBC42EB005B82AA /* LaunchScreen.storyboard */ = {
			isa = PBXVariantGroup;
			children = (
				B7941DDE1FBC42EB005B82AA /* Base */,
			);
			name = LaunchScreen.storyboard;
			sourceTree = "<group>";
		};
/* End PBXVariantGroup section */

/* Begin XCBuildConfiguration section */
		6003F5BD195388D20070C39A /* Debug */ = {
			isa = XCBuildConfiguration;
			buildSettings = {
				ALWAYS_SEARCH_USER_PATHS = NO;
				CLANG_CXX_LANGUAGE_STANDARD = "gnu++0x";
				CLANG_CXX_LIBRARY = "libc++";
				CLANG_ENABLE_MODULES = YES;
				CLANG_ENABLE_OBJC_ARC = YES;
				CLANG_WARN_BLOCK_CAPTURE_AUTORELEASING = YES;
				CLANG_WARN_BOOL_CONVERSION = YES;
				CLANG_WARN_COMMA = YES;
				CLANG_WARN_CONSTANT_CONVERSION = YES;
				CLANG_WARN_DIRECT_OBJC_ISA_USAGE = YES_ERROR;
				CLANG_WARN_EMPTY_BODY = YES;
				CLANG_WARN_ENUM_CONVERSION = YES;
				CLANG_WARN_INFINITE_RECURSION = YES;
				CLANG_WARN_INT_CONVERSION = YES;
				CLANG_WARN_NON_LITERAL_NULL_CONVERSION = YES;
				CLANG_WARN_OBJC_LITERAL_CONVERSION = YES;
				CLANG_WARN_OBJC_ROOT_CLASS = YES_ERROR;
				CLANG_WARN_RANGE_LOOP_ANALYSIS = YES;
				CLANG_WARN_STRICT_PROTOTYPES = YES;
				CLANG_WARN_SUSPICIOUS_MOVE = YES;
				CLANG_WARN_UNREACHABLE_CODE = YES;
				CLANG_WARN__DUPLICATE_METHOD_MATCH = YES;
				"CODE_SIGN_IDENTITY[sdk=iphoneos*]" = "iPhone Developer";
				COPY_PHASE_STRIP = NO;
				ENABLE_STRICT_OBJC_MSGSEND = YES;
				ENABLE_TESTABILITY = YES;
				GCC_C_LANGUAGE_STANDARD = gnu99;
				GCC_DYNAMIC_NO_PIC = NO;
				GCC_NO_COMMON_BLOCKS = YES;
				GCC_OPTIMIZATION_LEVEL = 0;
				GCC_PREPROCESSOR_DEFINITIONS = (
					"DEBUG=1",
					"$(inherited)",
				);
				GCC_SYMBOLS_PRIVATE_EXTERN = NO;
				GCC_WARN_64_TO_32_BIT_CONVERSION = YES;
				GCC_WARN_ABOUT_RETURN_TYPE = YES_ERROR;
				GCC_WARN_UNDECLARED_SELECTOR = YES;
				GCC_WARN_UNINITIALIZED_AUTOS = YES_AGGRESSIVE;
				GCC_WARN_UNUSED_FUNCTION = YES;
				GCC_WARN_UNUSED_VARIABLE = YES;
				IPHONEOS_DEPLOYMENT_TARGET = 8.3;
				ONLY_ACTIVE_ARCH = YES;
				SDKROOT = iphoneos;
				TARGETED_DEVICE_FAMILY = "1,2";
			};
			name = Debug;
		};
		6003F5BE195388D20070C39A /* Release */ = {
			isa = XCBuildConfiguration;
			buildSettings = {
				ALWAYS_SEARCH_USER_PATHS = NO;
				CLANG_CXX_LANGUAGE_STANDARD = "gnu++0x";
				CLANG_CXX_LIBRARY = "libc++";
				CLANG_ENABLE_MODULES = YES;
				CLANG_ENABLE_OBJC_ARC = YES;
				CLANG_WARN_BLOCK_CAPTURE_AUTORELEASING = YES;
				CLANG_WARN_BOOL_CONVERSION = YES;
				CLANG_WARN_COMMA = YES;
				CLANG_WARN_CONSTANT_CONVERSION = YES;
				CLANG_WARN_DIRECT_OBJC_ISA_USAGE = YES_ERROR;
				CLANG_WARN_EMPTY_BODY = YES;
				CLANG_WARN_ENUM_CONVERSION = YES;
				CLANG_WARN_INFINITE_RECURSION = YES;
				CLANG_WARN_INT_CONVERSION = YES;
				CLANG_WARN_NON_LITERAL_NULL_CONVERSION = YES;
				CLANG_WARN_OBJC_LITERAL_CONVERSION = YES;
				CLANG_WARN_OBJC_ROOT_CLASS = YES_ERROR;
				CLANG_WARN_RANGE_LOOP_ANALYSIS = YES;
				CLANG_WARN_STRICT_PROTOTYPES = YES;
				CLANG_WARN_SUSPICIOUS_MOVE = YES;
				CLANG_WARN_UNREACHABLE_CODE = YES;
				CLANG_WARN__DUPLICATE_METHOD_MATCH = YES;
				"CODE_SIGN_IDENTITY[sdk=iphoneos*]" = "iPhone Developer";
				COPY_PHASE_STRIP = YES;
				ENABLE_NS_ASSERTIONS = NO;
				ENABLE_STRICT_OBJC_MSGSEND = YES;
				GCC_C_LANGUAGE_STANDARD = gnu99;
				GCC_NO_COMMON_BLOCKS = YES;
				GCC_WARN_64_TO_32_BIT_CONVERSION = YES;
				GCC_WARN_ABOUT_RETURN_TYPE = YES_ERROR;
				GCC_WARN_UNDECLARED_SELECTOR = YES;
				GCC_WARN_UNINITIALIZED_AUTOS = YES_AGGRESSIVE;
				GCC_WARN_UNUSED_FUNCTION = YES;
				GCC_WARN_UNUSED_VARIABLE = YES;
				IPHONEOS_DEPLOYMENT_TARGET = 8.3;
				SDKROOT = iphoneos;
				TARGETED_DEVICE_FAMILY = "1,2";
				VALIDATE_PRODUCT = YES;
			};
			name = Release;
		};
		6003F5C0195388D20070C39A /* Debug */ = {
			isa = XCBuildConfiguration;
			baseConfigurationReference = 83A0E72CC5820C4726790C64 /* Pods-LJRouter_Example.debug.xcconfig */;
			buildSettings = {
				ASSETCATALOG_COMPILER_APPICON_NAME = AppIcon;
				GCC_PRECOMPILE_PREFIX_HEADER = YES;
				GCC_PREFIX_HEADER = "LJRouter/LJRouter-Prefix.pch";
				GCC_PREPROCESSOR_DEFINITIONS = (
					"$(inherited)",
					"COCOAPODS=1",
				);
				INFOPLIST_FILE = "LJRouter/LJRouter-Info.plist";
				MODULE_NAME = ExampleApp;
				PRODUCT_BUNDLE_IDENTIFIER = "org.cocoapods.demo.${PRODUCT_NAME:rfc1034identifier}";
				PRODUCT_NAME = "$(TARGET_NAME)";
				WRAPPER_EXTENSION = app;
			};
			name = Debug;
		};
		6003F5C1195388D20070C39A /* Release */ = {
			isa = XCBuildConfiguration;
			baseConfigurationReference = DD0AD95FDE2C31FF259EAE7D /* Pods-LJRouter_Example.release.xcconfig */;
			buildSettings = {
				ASSETCATALOG_COMPILER_APPICON_NAME = AppIcon;
				GCC_PRECOMPILE_PREFIX_HEADER = YES;
				GCC_PREFIX_HEADER = "LJRouter/LJRouter-Prefix.pch";
				INFOPLIST_FILE = "LJRouter/LJRouter-Info.plist";
				MODULE_NAME = ExampleApp;
				PRODUCT_BUNDLE_IDENTIFIER = "org.cocoapods.demo.${PRODUCT_NAME:rfc1034identifier}";
				PRODUCT_NAME = "$(TARGET_NAME)";
				WRAPPER_EXTENSION = app;
			};
			name = Release;
		};
		B7536A151FAC351D0035EC7A /* Debug */ = {
			isa = XCBuildConfiguration;
			buildSettings = {
				CLANG_ANALYZER_NONNULL = YES;
				CLANG_ANALYZER_NUMBER_OBJECT_CONVERSION = YES_AGGRESSIVE;
				CLANG_CXX_LANGUAGE_STANDARD = "gnu++14";
				CLANG_WARN_BLOCK_CAPTURE_AUTORELEASING = YES;
				CLANG_WARN_COMMA = YES;
				CLANG_WARN_DOCUMENTATION_COMMENTS = YES;
				CLANG_WARN_INFINITE_RECURSION = YES;
				CLANG_WARN_NON_LITERAL_NULL_CONVERSION = YES;
				CLANG_WARN_OBJC_LITERAL_CONVERSION = YES;
				CLANG_WARN_RANGE_LOOP_ANALYSIS = YES;
				CLANG_WARN_STRICT_PROTOTYPES = YES;
				CLANG_WARN_SUSPICIOUS_MOVE = YES;
				CLANG_WARN_UNGUARDED_AVAILABILITY = YES_AGGRESSIVE;
				CLANG_WARN_UNREACHABLE_CODE = YES;
				CODE_SIGN_IDENTITY = "-";
				CODE_SIGN_STYLE = Automatic;
				DEBUG_INFORMATION_FORMAT = dwarf;
				ENABLE_STRICT_OBJC_MSGSEND = YES;
				GCC_C_LANGUAGE_STANDARD = gnu11;
				GCC_NO_COMMON_BLOCKS = YES;
				MACOSX_DEPLOYMENT_TARGET = 10.12;
				MTL_ENABLE_DEBUG_INFO = YES;
				PRODUCT_NAME = "$(TARGET_NAME)";
				SDKROOT = macosx;
			};
			name = Debug;
		};
		B7536A161FAC351D0035EC7A /* Release */ = {
			isa = XCBuildConfiguration;
			buildSettings = {
				CLANG_ANALYZER_NONNULL = YES;
				CLANG_ANALYZER_NUMBER_OBJECT_CONVERSION = YES_AGGRESSIVE;
				CLANG_CXX_LANGUAGE_STANDARD = "gnu++14";
				CLANG_WARN_BLOCK_CAPTURE_AUTORELEASING = YES;
				CLANG_WARN_COMMA = YES;
				CLANG_WARN_DOCUMENTATION_COMMENTS = YES;
				CLANG_WARN_INFINITE_RECURSION = YES;
				CLANG_WARN_NON_LITERAL_NULL_CONVERSION = YES;
				CLANG_WARN_OBJC_LITERAL_CONVERSION = YES;
				CLANG_WARN_RANGE_LOOP_ANALYSIS = YES;
				CLANG_WARN_STRICT_PROTOTYPES = YES;
				CLANG_WARN_SUSPICIOUS_MOVE = YES;
				CLANG_WARN_UNGUARDED_AVAILABILITY = YES_AGGRESSIVE;
				CLANG_WARN_UNREACHABLE_CODE = YES;
				CODE_SIGN_IDENTITY = "-";
				CODE_SIGN_STYLE = Automatic;
				COPY_PHASE_STRIP = NO;
				DEBUG_INFORMATION_FORMAT = "dwarf-with-dsym";
				ENABLE_STRICT_OBJC_MSGSEND = YES;
				GCC_C_LANGUAGE_STANDARD = gnu11;
				GCC_NO_COMMON_BLOCKS = YES;
				MACOSX_DEPLOYMENT_TARGET = 10.12;
				MTL_ENABLE_DEBUG_INFO = NO;
				PRODUCT_NAME = "$(TARGET_NAME)";
				SDKROOT = macosx;
			};
			name = Release;
		};
/* End XCBuildConfiguration section */

/* Begin XCConfigurationList section */
		6003F585195388D10070C39A /* Build configuration list for PBXProject "LJRouter" */ = {
			isa = XCConfigurationList;
			buildConfigurations = (
				6003F5BD195388D20070C39A /* Debug */,
				6003F5BE195388D20070C39A /* Release */,
			);
			defaultConfigurationIsVisible = 0;
			defaultConfigurationName = Release;
		};
		6003F5BF195388D20070C39A /* Build configuration list for PBXNativeTarget "LJRouter_Example" */ = {
			isa = XCConfigurationList;
			buildConfigurations = (
				6003F5C0195388D20070C39A /* Debug */,
				6003F5C1195388D20070C39A /* Release */,
			);
			defaultConfigurationIsVisible = 0;
			defaultConfigurationName = Release;
		};
		B7536A171FAC351D0035EC7A /* Build configuration list for PBXNativeTarget "LJRouterExportModule" */ = {
			isa = XCConfigurationList;
			buildConfigurations = (
				B7536A151FAC351D0035EC7A /* Debug */,
				B7536A161FAC351D0035EC7A /* Release */,
			);
			defaultConfigurationIsVisible = 0;
			defaultConfigurationName = Release;
		};
/* End XCConfigurationList section */
	};
	rootObject = 6003F582195388D10070C39A /* Project object */;
}
